{
  "version": 4,
  "terraform_version": "1.3.6",
  "serial": 24,
  "lineage": "44416fb8-5c12-a49e-40d9-4b26dff339c6",
  "outputs": {},
  "resources": [
    {
      "mode": "managed",
      "type": "azurerm_linux_virtual_machine",
      "name": "mtc-vm",
      "provider": "provider[\"registry.terraform.io/hashicorp/azurerm\"]",
      "instances": [
        {
          "schema_version": 0,
          "attributes": {
            "additional_capabilities": [],
            "admin_password": null,
            "admin_ssh_key": [
              {
                "public_key": "ssh-rsa AAAAB3NzaC1yc2EAAAADAQABAAABgQDgI0oAaJSNduLt3LdeNtIyMzE48xAYCmt/MmHKb+rIifJLcU/kJgW+I6LOraZ6mN+6fkkFlGeVWxeAu/lbTudFIC60pfFh+3pQ1T31XO2bCW4eDe2VzRf41c5ys5m29u2kTIwQvkGWVtv2sWyHOY0csGH4iVUQEjjk6ef4j1zGuuvuS68E4SLv6K7wEZv/D8AFSQAFuVVsGtAlS0GCi/2jxfXd5oatRbj0O6D7FXfojiThMDwZQAfJb2ZmM0lyVInMs7OGTrU5M+rJmSKUFVryRbUMFCHZMgy5W28W7OoWG7wnkwyV67wY+EtmE7zCTtt6Gb/sC9LA2GFVQq7KqLVHchJrss06t2bYuroiRrVrEBzsoO+5Btl7RxSzdPOIe5swNq3G+GpCt3JcCOxswoo8KIRYGACKYFON5f54z2vnlFX/WSl5Gxcvm9+3DvZuDiMxAXNmaGGYNpRcCQo2E4WqUZBeC2NdwUwxrl90yctsGPdCdiLxp+GqNmoss6xR4BM= rodrigo@DESKTOP-JGUEIFD\r\n",
                "username": "adminuser"
              }
            ],
            "admin_username": "adminuser",
            "allow_extension_operations": true,
            "availability_set_id": "",
            "boot_diagnostics": [],
            "computer_name": "mtc-vm",
            "custom_data": "c3VkbyBhcHQtZ2V0IHVwZGF0ZSAteSAmJg0Kc3VkbyBhcHQtZ2V0IGluc3RhbGwgLXkgXA0KYXB0LXRyYW5zcG9ydC1odHRwcyBcDQpjYS1jZXJ0aWZpY2F0ZXMgXA0KY3VybCBcDQpnbnVwZy1hZ2VudCBcDQpzb2Z0d2FyZS1wcm9wZXJ0aWVzLWNvbW1vbiAmJg0KY3VybCAtZnNTTCBodHRwczovL2Rvd25sb2FkLmRvY2tlci5jb20vbGludXgvdWJ1bnR1L2dwZyB8IHN1ZG8gYXB0LWtleSBhZGQgLSAmJg0Kc3VkbyBhZGQtYXB0LXJlcG9zaXRvcnkgImRlYiBbYXJjaD1hbWQ2NF0gaHR0cHM6Ly9kb3dubG9hZC5kb2NrZXIuY29tL2xpbnV4L3VidW50byAkKGxzYl9yZWxlYXNlIC1jcykgc3RhYmxlIiAmJg0Kc3VkbyBhcHQtZ2V0IHVwZGF0ZSAteSAmJg0Kc3VkbyBzdWRvIGFwdC1nZXQgaW5zdGFsbCBkb2NrZXItY2UgZG9ja2VyLWNlLWNsaSBjb250YWluZXJkLmlvIC15ICYmDQpzdWRvIHVzZXJtb2QgLWFHIGRvY2tlciB1YnVudHUNCg0KDQo=",
            "dedicated_host_group_id": "",
            "dedicated_host_id": "",
            "disable_password_authentication": true,
            "encryption_at_host_enabled": false,
            "eviction_policy": "",
            "extensions_time_budget": "PT1H30M",
            "id": "/subscriptions/895ffbb1-42ee-4ba8-a702-028f769f07bc/resourceGroups/mtc-resources/providers/Microsoft.Compute/virtualMachines/mtc-vm",
            "identity": [],
            "license_type": "",
            "location": "ukwest",
            "max_bid_price": -1,
            "name": "mtc-vm",
            "network_interface_ids": [
              "/subscriptions/895ffbb1-42ee-4ba8-a702-028f769f07bc/resourceGroups/mtc-resources/providers/Microsoft.Network/networkInterfaces/mtc-nic"
            ],
            "os_disk": [
              {
                "caching": "ReadWrite",
                "diff_disk_settings": [],
                "disk_encryption_set_id": "",
                "disk_size_gb": 30,
                "name": "mtc-vm_OsDisk_1_40cdc4d76b3e4b7094fb554cc3bf1f3d",
                "storage_account_type": "Standard_LRS",
                "write_accelerator_enabled": false
              }
            ],
            "patch_mode": "ImageDefault",
            "plan": [],
            "platform_fault_domain": -1,
            "priority": "Regular",
            "private_ip_address": "10.123.1.4",
            "private_ip_addresses": [
              "10.123.1.4"
            ],
            "provision_vm_agent": true,
            "proximity_placement_group_id": "",
            "public_ip_address": "51.104.50.200",
            "public_ip_addresses": [
              "51.104.50.200"
            ],
            "resource_group_name": "mtc-resources",
            "secret": [],
            "secure_boot_enabled": false,
            "size": "Standard_B1s",
            "source_image_id": "",
            "source_image_reference": [
              {
                "offer": "UbuntuServer",
                "publisher": "Canonical",
                "sku": "18_04-lts-gen2",
                "version": "latest"
              }
            ],
            "tags": null,
            "timeouts": null,
            "user_data": "",
            "virtual_machine_id": "05547937-0a38-402c-99bf-747a6efc9fa8",
            "virtual_machine_scale_set_id": "",
            "vtpm_enabled": false,
            "zone": ""
          },
          "sensitive_attributes": [],
          "private": "eyJlMmJmYjczMC1lY2FhLTExZTYtOGY4OC0zNDM2M2JjN2M0YzAiOnsiY3JlYXRlIjoyNzAwMDAwMDAwMDAwLCJkZWxldGUiOjI3MDAwMDAwMDAwMDAsInJlYWQiOjMwMDAwMDAwMDAwMCwidXBkYXRlIjoyNzAwMDAwMDAwMDAwfX0=",
          "dependencies": [
            "azurerm_network_interface.mtc_nic",
            "azurerm_resource_group.mtc-rg"
          ]
        }
      ]
    },
    {
      "mode": "managed",
      "type": "azurerm_network_interface",
      "name": "mtc_nic",
      "provider": "provider[\"registry.terraform.io/hashicorp/azurerm\"]",
      "instances": [
        {
          "schema_version": 0,
          "attributes": {
            "applied_dns_servers": [],
            "dns_servers": [],
            "enable_accelerated_networking": false,
            "enable_ip_forwarding": false,
            "id": "/subscriptions/895ffbb1-42ee-4ba8-a702-028f769f07bc/resourceGroups/mtc-resources/providers/Microsoft.Network/networkInterfaces/mtc-nic",
            "internal_dns_name_label": "",
            "internal_domain_name_suffix": "zmx33koxs1meldnru3otu0x3lg.cwx.internal.cloudapp.net",
            "ip_configuration": [
              {
                "gateway_load_balancer_frontend_ip_configuration_id": "",
                "name": "internal",
                "primary": true,
                "private_ip_address": "10.123.1.4",
                "private_ip_address_allocation": "Dynamic",
                "private_ip_address_version": "IPv4",
                "public_ip_address_id": "/subscriptions/895ffbb1-42ee-4ba8-a702-028f769f07bc/resourceGroups/mtc-resources/providers/Microsoft.Network/publicIPAddresses/mtc-ip",
                "subnet_id": "/subscriptions/895ffbb1-42ee-4ba8-a702-028f769f07bc/resourceGroups/mtc-resources/providers/Microsoft.Network/virtualNetworks/mtc-network/subnets/mtc-subnet"
              }
            ],
            "location": "ukwest",
            "mac_address": "00-22-48-C5-D9-DA",
            "name": "mtc-nic",
            "private_ip_address": "10.123.1.4",
            "private_ip_addresses": [
              "10.123.1.4"
            ],
            "resource_group_name": "mtc-resources",
            "tags": {
              "enviroment": "dev"
            },
            "timeouts": null,
            "virtual_machine_id": "/subscriptions/895ffbb1-42ee-4ba8-a702-028f769f07bc/resourceGroups/mtc-resources/providers/Microsoft.Compute/virtualMachines/mtc-vm"
          },
          "sensitive_attributes": [],
          "private": "eyJlMmJmYjczMC1lY2FhLTExZTYtOGY4OC0zNDM2M2JjN2M0YzAiOnsiY3JlYXRlIjoxODAwMDAwMDAwMDAwLCJkZWxldGUiOjE4MDAwMDAwMDAwMDAsInJlYWQiOjMwMDAwMDAwMDAwMCwidXBkYXRlIjoxODAwMDAwMDAwMDAwfX0=",
          "dependencies": [
            "azurerm_public_ip.mtc-ip",
            "azurerm_resource_group.mtc-rg",
            "azurerm_subnet.mtc-subnet",
            "azurerm_virtual_network.mtc-vn"
          ]
        }
      ]
    },
    {
      "mode": "managed",
      "type": "azurerm_network_security_group",
      "name": "mtc-sg",
      "provider": "provider[\"registry.terraform.io/hashicorp/azurerm\"]",
      "instances": [
        {
          "schema_version": 0,
          "attributes": {
            "id": "/subscriptions/895ffbb1-42ee-4ba8-a702-028f769f07bc/resourceGroups/mtc-resources/providers/Microsoft.Network/networkSecurityGroups/mtc-sg",
            "location": "ukwest",
            "name": "mtc-sg",
            "resource_group_name": "mtc-resources",
            "security_rule": [
              {
                "access": "Allow",
                "description": "",
                "destination_address_prefix": "*",
                "destination_address_prefixes": [],
                "destination_application_security_group_ids": [],
                "destination_port_range": "*",
                "destination_port_ranges": [],
                "direction": "Inbound",
                "name": "mtc-dev-rule",
                "priority": 100,
                "protocol": "*",
                "source_address_prefix": "*",
                "source_address_prefixes": [],
                "source_application_security_group_ids": [],
                "source_port_range": "*",
                "source_port_ranges": []
              }
            ],
            "tags": {
              "enviroment": "dev"
            },
            "timeouts": null
          },
          "sensitive_attributes": [],
          "private": "eyJlMmJmYjczMC1lY2FhLTExZTYtOGY4OC0zNDM2M2JjN2M0YzAiOnsiY3JlYXRlIjoxODAwMDAwMDAwMDAwLCJkZWxldGUiOjE4MDAwMDAwMDAwMDAsInJlYWQiOjMwMDAwMDAwMDAwMCwidXBkYXRlIjoxODAwMDAwMDAwMDAwfX0=",
          "dependencies": [
            "azurerm_resource_group.mtc-rg"
          ]
        }
      ]
    },
    {
      "mode": "managed",
      "type": "azurerm_network_security_rule",
      "name": "mtc-dev-rule",
      "provider": "provider[\"registry.terraform.io/hashicorp/azurerm\"]",
      "instances": [
        {
          "schema_version": 0,
          "attributes": {
            "access": "Allow",
            "description": "",
            "destination_address_prefix": "*",
            "destination_address_prefixes": [],
            "destination_application_security_group_ids": [],
            "destination_port_range": "*",
            "destination_port_ranges": [],
            "direction": "Inbound",
            "id": "/subscriptions/895ffbb1-42ee-4ba8-a702-028f769f07bc/resourceGroups/mtc-resources/providers/Microsoft.Network/networkSecurityGroups/mtc-sg/securityRules/mtc-dev-rule",
            "name": "mtc-dev-rule",
            "network_security_group_name": "mtc-sg",
            "priority": 100,
            "protocol": "*",
            "resource_group_name": "mtc-resources",
            "source_address_prefix": "*",
            "source_address_prefixes": [],
            "source_application_security_group_ids": [],
            "source_port_range": "*",
            "source_port_ranges": [],
            "timeouts": null
          },
          "sensitive_attributes": [],
          "private": "eyJlMmJmYjczMC1lY2FhLTExZTYtOGY4OC0zNDM2M2JjN2M0YzAiOnsiY3JlYXRlIjoxODAwMDAwMDAwMDAwLCJkZWxldGUiOjE4MDAwMDAwMDAwMDAsInJlYWQiOjMwMDAwMDAwMDAwMCwidXBkYXRlIjoxODAwMDAwMDAwMDAwfX0=",
          "dependencies": [
            "azurerm_network_security_group.mtc-sg",
            "azurerm_resource_group.mtc-rg"
          ]
        }
      ]
    },
    {
      "mode": "managed",
      "type": "azurerm_public_ip",
      "name": "mtc-ip",
      "provider": "provider[\"registry.terraform.io/hashicorp/azurerm\"]",
      "instances": [
        {
          "schema_version": 0,
          "attributes": {
            "allocation_method": "Dynamic",
            "availability_zone": "No-Zone",
            "domain_name_label": null,
            "fqdn": null,
            "id": "/subscriptions/895ffbb1-42ee-4ba8-a702-028f769f07bc/resourceGroups/mtc-resources/providers/Microsoft.Network/publicIPAddresses/mtc-ip",
            "idle_timeout_in_minutes": 4,
            "ip_address": "20.90.15.57",
            "ip_tags": {},
            "ip_version": "IPv4",
            "location": "ukwest",
            "name": "mtc-ip",
            "public_ip_prefix_id": null,
            "resource_group_name": "mtc-resources",
            "reverse_fqdn": null,
            "sku": "Basic",
            "sku_tier": "Regional",
            "tags": {
              "enviroment": "dev"
            },
            "timeouts": null,
            "zones": []
          },
          "sensitive_attributes": [],
          "private": "eyJlMmJmYjczMC1lY2FhLTExZTYtOGY4OC0zNDM2M2JjN2M0YzAiOnsiY3JlYXRlIjoxODAwMDAwMDAwMDAwLCJkZWxldGUiOjE4MDAwMDAwMDAwMDAsInJlYWQiOjMwMDAwMDAwMDAwMCwidXBkYXRlIjoxODAwMDAwMDAwMDAwfX0=",
          "dependencies": [
            "azurerm_resource_group.mtc-rg"
          ]
        }
      ]
    },
    {
      "mode": "managed",
      "type": "azurerm_resource_group",
      "name": "mtc-rg",
      "provider": "provider[\"registry.terraform.io/hashicorp/azurerm\"]",
      "instances": [
        {
          "schema_version": 0,
          "attributes": {
            "id": "/subscriptions/895ffbb1-42ee-4ba8-a702-028f769f07bc/resourceGroups/mtc-resources",
            "location": "ukwest",
            "name": "mtc-resources",
            "tags": {
              "enviroment": "dev"
            },
            "timeouts": null
          },
          "sensitive_attributes": [],
          "private": "eyJlMmJmYjczMC1lY2FhLTExZTYtOGY4OC0zNDM2M2JjN2M0YzAiOnsiY3JlYXRlIjo1NDAwMDAwMDAwMDAwLCJkZWxldGUiOjU0MDAwMDAwMDAwMDAsInJlYWQiOjMwMDAwMDAwMDAwMCwidXBkYXRlIjo1NDAwMDAwMDAwMDAwfX0="
        }
      ]
    },
    {
      "mode": "managed",
      "type": "azurerm_subnet",
      "name": "mtc-subnet",
      "provider": "provider[\"registry.terraform.io/hashicorp/azurerm\"]",
      "instances": [
        {
          "schema_version": 0,
          "attributes": {
            "address_prefix": "10.123.1.0/24",
            "address_prefixes": [
              "10.123.1.0/24"
            ],
            "delegation": [],
            "enforce_private_link_endpoint_network_policies": false,
            "enforce_private_link_service_network_policies": false,
            "id": "/subscriptions/895ffbb1-42ee-4ba8-a702-028f769f07bc/resourceGroups/mtc-resources/providers/Microsoft.Network/virtualNetworks/mtc-network/subnets/mtc-subnet",
            "name": "mtc-subnet",
            "resource_group_name": "mtc-resources",
            "service_endpoint_policy_ids": [],
            "service_endpoints": [],
            "timeouts": null,
            "virtual_network_name": "mtc-network"
          },
          "sensitive_attributes": [],
          "private": "eyJlMmJmYjczMC1lY2FhLTExZTYtOGY4OC0zNDM2M2JjN2M0YzAiOnsiY3JlYXRlIjoxODAwMDAwMDAwMDAwLCJkZWxldGUiOjE4MDAwMDAwMDAwMDAsInJlYWQiOjMwMDAwMDAwMDAwMCwidXBkYXRlIjoxODAwMDAwMDAwMDAwfX0=",
          "dependencies": [
            "azurerm_resource_group.mtc-rg",
            "azurerm_virtual_network.mtc-vn"
          ]
        }
      ]
    },
    {
      "mode": "managed",
      "type": "azurerm_subnet_network_security_group_association",
      "name": "mtc-sga",
      "provider": "provider[\"registry.terraform.io/hashicorp/azurerm\"]",
      "instances": [
        {
          "schema_version": 0,
          "attributes": {
            "id": "/subscriptions/895ffbb1-42ee-4ba8-a702-028f769f07bc/resourceGroups/mtc-resources/providers/Microsoft.Network/virtualNetworks/mtc-network/subnets/mtc-subnet",
            "network_security_group_id": "/subscriptions/895ffbb1-42ee-4ba8-a702-028f769f07bc/resourceGroups/mtc-resources/providers/Microsoft.Network/networkSecurityGroups/mtc-sg",
            "subnet_id": "/subscriptions/895ffbb1-42ee-4ba8-a702-028f769f07bc/resourceGroups/mtc-resources/providers/Microsoft.Network/virtualNetworks/mtc-network/subnets/mtc-subnet",
            "timeouts": null
          },
          "sensitive_attributes": [],
          "private": "eyJlMmJmYjczMC1lY2FhLTExZTYtOGY4OC0zNDM2M2JjN2M0YzAiOnsiY3JlYXRlIjoxODAwMDAwMDAwMDAwLCJkZWxldGUiOjE4MDAwMDAwMDAwMDAsInJlYWQiOjMwMDAwMDAwMDAwMCwidXBkYXRlIjoxODAwMDAwMDAwMDAwfX0=",
          "dependencies": [
            "azurerm_network_security_group.mtc-sg",
            "azurerm_resource_group.mtc-rg",
            "azurerm_subnet.mtc-subnet",
            "azurerm_virtual_network.mtc-vn"
          ]
        }
      ]
    },
    {
      "mode": "managed",
      "type": "azurerm_virtual_network",
      "name": "mtc-vn",
      "provider": "provider[\"registry.terraform.io/hashicorp/azurerm\"]",
      "instances": [
        {
          "schema_version": 0,
          "attributes": {
            "address_space": [
              "10.123.0.0/16"
            ],
            "bgp_community": "",
            "ddos_protection_plan": [],
            "dns_servers": [],
            "flow_timeout_in_minutes": 0,
            "guid": "a9de2fcb-96d7-45d8-8db1-a75d3a6afd5e",
            "id": "/subscriptions/895ffbb1-42ee-4ba8-a702-028f769f07bc/resourceGroups/mtc-resources/providers/Microsoft.Network/virtualNetworks/mtc-network",
            "location": "ukwest",
            "name": "mtc-network",
            "resource_group_name": "mtc-resources",
            "subnet": [
              {
                "address_prefix": "10.123.1.0/24",
                "id": "/subscriptions/895ffbb1-42ee-4ba8-a702-028f769f07bc/resourceGroups/mtc-resources/providers/Microsoft.Network/virtualNetworks/mtc-network/subnets/mtc-subnet",
                "name": "mtc-subnet",
                "security_group": "/subscriptions/895ffbb1-42ee-4ba8-a702-028f769f07bc/resourceGroups/mtc-resources/providers/Microsoft.Network/networkSecurityGroups/mtc-sg"
              }
            ],
            "tags": {
              "enviroment": "dev"
            },
            "timeouts": null,
            "vm_protection_enabled": false
          },
          "sensitive_attributes": [],
          "private": "eyJlMmJmYjczMC1lY2FhLTExZTYtOGY4OC0zNDM2M2JjN2M0YzAiOnsiY3JlYXRlIjoxODAwMDAwMDAwMDAwLCJkZWxldGUiOjE4MDAwMDAwMDAwMDAsInJlYWQiOjMwMDAwMDAwMDAwMCwidXBkYXRlIjoxODAwMDAwMDAwMDAwfX0=",
          "dependencies": [
            "azurerm_resource_group.mtc-rg"
          ]
        }
      ]
    }
  ],
  "check_results": null
}
